{
  "object": {
    "pins": [
      {
        "package": "SnapKit",
        "repositoryURL": "https://github.com/safiriGitHub/SnapKit.git",
        "state": {
          "branch": null,
          "revision": "393e4bbf1fff348a70e7d76b7f74ab4808e55fec",
          "version": "4.2.1"
        }
      }
    ]
  },
  "version": 1
}
